<?xml version="1.0" encoding="utf-8"?>
<Project ToolsVersion="4.0" xmlns="http://schemas.microsoft.com/developer/msbuild/2003">
  <ItemGroup>
    <Filter Include="Source Files">
      <UniqueIdentifier>{4FC737F1-C7A5-4376-A066-2A32D752A2FF}</UniqueIdentifier>
      <Extensions>cpp;c;cc;cxx;c++;cppm;ixx;def;odl;idl;hpj;bat;asm;asmx</Extensions>
    </Filter>
    <Filter Include="Resource Files">
      <UniqueIdentifier>{67DA6AB6-F800-4c08-8B7A-83BB121AAD01}</UniqueIdentifier>
      <Extensions>rc;ico;cur;bmp;dlg;rc2;rct;bin;rgs;gif;jpg;jpeg;jpe;resx;tiff;tif;png;wav;mfcribbon-ms</Extensions>
    </Filter>
    <Filter Include="Source Files\Core">
      <UniqueIdentifier>{043078ab-5124-4950-9d4e-6d3747804948}</UniqueIdentifier>
    </Filter>
    <Filter Include="Source Files\Renderer">
      <UniqueIdentifier>{9888f8a8-522b-463f-9fb2-9af269e98d74}</UniqueIdentifier>
    </Filter>
    <Filter Include="Resource Files\Shaders">
      <UniqueIdentifier>{cf26131b-a916-4835-9762-a345777c067e}</UniqueIdentifier>
    </Filter>
    <Filter Include="Resource Files\Textures">
      <UniqueIdentifier>{6aac25dc-ad81-4b6b-800b-e69519c57b3d}</UniqueIdentifier>
    </Filter>
    <Filter Include="External">
      <UniqueIdentifier>{3fbb0b83-8ead-43d5-9fef-242aa0d819fb}</UniqueIdentifier>
    </Filter>
    <Filter Include="External\imgui">
      <UniqueIdentifier>{c621a9da-218d-472f-a7da-88db3cee4124}</UniqueIdentifier>
    </Filter>
  </ItemGroup>
  <ItemGroup>
    <ClInclude Include="src\Common.hpp">
      <Filter>Source Files</Filter>
    </ClInclude>
    <ClInclude Include="src\Engine.hpp">
      <Filter>Source Files</Filter>
    </ClInclude>
    <ClInclude Include="src\Core\Input.hpp">
      <Filter>Source Files\Core</Filter>
    </ClInclude>
    <ClInclude Include="src\Core\Player.hpp">
      <Filter>Source Files\Core</Filter>
    </ClInclude>
    <ClInclude Include="src\Core\Window.hpp">
      <Filter>Source Files\Core</Filter>
    </ClInclude>
    <ClInclude Include="src\Renderer\Renderer.hpp">
      <Filter>Source Files\Renderer</Filter>
    </ClInclude>
    <ClInclude Include="src\Renderer\Misc\Mesh.hpp">
      <Filter>Source Files\Renderer</Filter>
    </ClInclude>
    <ClInclude Include="src\Renderer\Misc\Model.hpp">
      <Filter>Source Files\Renderer</Filter>
    </ClInclude>
    <ClInclude Include="src\Renderer\Misc\Shader.hpp">
      <Filter>Source Files\Renderer</Filter>
    </ClInclude>
    <ClInclude Include="src\Renderer\Misc\Texture.hpp">
      <Filter>Source Files\Renderer</Filter>
    </ClInclude>
  </ItemGroup>
  <ItemGroup>
    <ClCompile Include="src\Engine.cpp">
      <Filter>Source Files</Filter>
    </ClCompile>
    <ClCompile Include="src\Main.cpp">
      <Filter>Source Files</Filter>
    </ClCompile>
    <ClCompile Include="src\Core\Input.cpp">
      <Filter>Source Files\Core</Filter>
    </ClCompile>
    <ClCompile Include="src\Core\Player.cpp">
      <Filter>Source Files\Core</Filter>
    </ClCompile>
    <ClCompile Include="src\Core\Window.cpp">
      <Filter>Source Files\Core</Filter>
    </ClCompile>
    <ClCompile Include="src\Renderer\Renderer.cpp">
      <Filter>Source Files\Renderer</Filter>
    </ClCompile>
  </ItemGroup>
  <ItemGroup>
    <None Include="res\shaders\lighting.frag">
      <Filter>Resource Files\Shaders</Filter>
    </None>
    <None Include="res\shaders\lighting.vert">
      <Filter>Resource Files\Shaders</Filter>
    </None>
    <None Include="res\shaders\model.frag">
      <Filter>Resource Files\Shaders</Filter>
    </None>
    <None Include="res\shaders\model.vert">
      <Filter>Resource Files\Shaders</Filter>
    </None>
  </ItemGroup>
  <ItemGroup>
    <Image Include="res\textures\container2.png">
      <Filter>Resource Files\Textures</Filter>
    </Image>
    <Image Include="res\textures\container2_specular.png">
      <Filter>Resource Files\Textures</Filter>
    </Image>
    <Image Include="res\textures\placeholderDark.png">
      <Filter>Resource Files\Textures</Filter>
    </Image>
  </ItemGroup>
</Project>